
Microsoft Visual Studio Solution File, Format Version 12.00
# Visual Studio Version 16
VisualStudioVersion = 16.0.28922.388
MinimumVisualStudioVersion = 10.0.40219.1
Project("{FAE04EC0-301F-11D3-BF4B-00C04F79EFBC}") = "hello_world", "hello_world\hello_world.csproj", "{91867358-55EC-480F-8097-C7915027CF60}"
EndProject
Global
	GlobalSection(SolutionConfigurationPlatforms) = preSolution
		Debug|Any CPU = Debug|Any CPU
		Release|Any CPU = Release|Any CPU
	EndGlobalSection
	GlobalSection(ProjectConfigurationPlatforms) = postSolution
		{91867358-55EC-480F-8097-C7915027CF60}.Debug|Any CPU.ActiveCfg = Debug|Any CPU
		{91867358-55EC-480F-8097-C7915027CF60}.Debug|Any CPU.Build.0 = Debug|Any CPU
		{91867358-55EC-480F-8097-C7915027CF60}.Release|Any CPU.ActiveCfg = Release|Any CPU
		{91867358-55EC-480F-8097-C7915027CF60}.Release|Any CPU.Build.0 = Release|Any CPU
	EndGlobalSection
	GlobalSection(SolutionProperties) = preSolution
		HideSolutionNode = FALSE
	EndGlobalSection
	GlobalSection(ExtensibilityGlobals) = postSolution
		SolutionGuid = {54A452A1-3FB6-4D43-8976-F01672A9E379}
	EndGlobalSection
EndGlobal
