
Microsoft Visual Studio Solution File, Format Version 12.00
# Visual Studio Version 16
VisualStudioVersion = 16.0.29009.5
MinimumVisualStudioVersion = 10.0.40219.1
Project("{FAE04EC0-301F-11D3-BF4B-00C04F79EFBC}") = "classes", "classes\classes.csproj", "{59EEB9EF-724B-46BB-8417-1C7EA19FB60F}"
EndProject
Global
	GlobalSection(SolutionConfigurationPlatforms) = preSolution
		Debug|Any CPU = Debug|Any CPU
		Release|Any CPU = Release|Any CPU
	EndGlobalSection
	GlobalSection(ProjectConfigurationPlatforms) = postSolution
		{59EEB9EF-724B-46BB-8417-1C7EA19FB60F}.Debug|Any CPU.ActiveCfg = Debug|Any CPU
		{59EEB9EF-724B-46BB-8417-1C7EA19FB60F}.Debug|Any CPU.Build.0 = Debug|Any CPU
		{59EEB9EF-724B-46BB-8417-1C7EA19FB60F}.Release|Any CPU.ActiveCfg = Release|Any CPU
		{59EEB9EF-724B-46BB-8417-1C7EA19FB60F}.Release|Any CPU.Build.0 = Release|Any CPU
	EndGlobalSection
	GlobalSection(SolutionProperties) = preSolution
		HideSolutionNode = FALSE
	EndGlobalSection
	GlobalSection(ExtensibilityGlobals) = postSolution
		SolutionGuid = {34DD0A7A-76FC-486C-BBBF-51AA40F08830}
	EndGlobalSection
EndGlobal
