
Microsoft Visual Studio Solution File, Format Version 12.00
# Visual Studio Version 16
VisualStudioVersion = 16.0.29009.5
MinimumVisualStudioVersion = 10.0.40219.1
Project("{FAE04EC0-301F-11D3-BF4B-00C04F79EFBC}") = "operadores_logicos", "operadores_logicos\operadores_logicos.csproj", "{5A33C479-B574-434E-9BE6-CF6DC158F26F}"
EndProject
Global
	GlobalSection(SolutionConfigurationPlatforms) = preSolution
		Debug|Any CPU = Debug|Any CPU
		Release|Any CPU = Release|Any CPU
	EndGlobalSection
	GlobalSection(ProjectConfigurationPlatforms) = postSolution
		{5A33C479-B574-434E-9BE6-CF6DC158F26F}.Debug|Any CPU.ActiveCfg = Debug|Any CPU
		{5A33C479-B574-434E-9BE6-CF6DC158F26F}.Debug|Any CPU.Build.0 = Debug|Any CPU
		{5A33C479-B574-434E-9BE6-CF6DC158F26F}.Release|Any CPU.ActiveCfg = Release|Any CPU
		{5A33C479-B574-434E-9BE6-CF6DC158F26F}.Release|Any CPU.Build.0 = Release|Any CPU
	EndGlobalSection
	GlobalSection(SolutionProperties) = preSolution
		HideSolutionNode = FALSE
	EndGlobalSection
	GlobalSection(ExtensibilityGlobals) = postSolution
		SolutionGuid = {C4535D0F-2DC1-4938-9902-4A47507E10E9}
	EndGlobalSection
EndGlobal
